
Microsoft Visual Studio Solution File, Format Version 12.00
# Visual Studio Version 17
VisualStudioVersion = 17.3.32929.385
MinimumVisualStudioVersion = 10.0.40219.1
Project("{FAE04EC0-301F-11D3-BF4B-00C04F79EFBC}") = "Mindbox.FiguresArea", "Mindbox.FiguresArea\Mindbox.FiguresArea.csproj", "{B34AEAC1-D374-4B17-BE95-D292D0B90390}"
EndProject
Project("{FAE04EC0-301F-11D3-BF4B-00C04F79EFBC}") = "Mindbox.FiguresArea.Tests", "Mindbox.FiguresArea.Tests\Mindbox.FiguresArea.Tests.csproj", "{D1331099-C552-4EB7-9360-2BEEB8F79D67}"
EndProject
Global
	GlobalSection(SolutionConfigurationPlatforms) = preSolution
		Debug|Any CPU = Debug|Any CPU
		Release|Any CPU = Release|Any CPU
	EndGlobalSection
	GlobalSection(ProjectConfigurationPlatforms) = postSolution
		{B34AEAC1-D374-4B17-BE95-D292D0B90390}.Debug|Any CPU.ActiveCfg = Debug|Any CPU
		{B34AEAC1-D374-4B17-BE95-D292D0B90390}.Debug|Any CPU.Build.0 = Debug|Any CPU
		{B34AEAC1-D374-4B17-BE95-D292D0B90390}.Release|Any CPU.ActiveCfg = Release|Any CPU
		{B34AEAC1-D374-4B17-BE95-D292D0B90390}.Release|Any CPU.Build.0 = Release|Any CPU
		{D1331099-C552-4EB7-9360-2BEEB8F79D67}.Debug|Any CPU.ActiveCfg = Debug|Any CPU
		{D1331099-C552-4EB7-9360-2BEEB8F79D67}.Debug|Any CPU.Build.0 = Debug|Any CPU
		{D1331099-C552-4EB7-9360-2BEEB8F79D67}.Release|Any CPU.ActiveCfg = Release|Any CPU
		{D1331099-C552-4EB7-9360-2BEEB8F79D67}.Release|Any CPU.Build.0 = Release|Any CPU
	EndGlobalSection
	GlobalSection(SolutionProperties) = preSolution
		HideSolutionNode = FALSE
	EndGlobalSection
	GlobalSection(ExtensibilityGlobals) = postSolution
		SolutionGuid = {2758C701-A22C-496A-ACD3-FBDA3400CD69}
	EndGlobalSection
EndGlobal
